framework_version: 1.0.0
installed_at: '2026-06-08T15:32:18.544174+00:00'
entries:
- path: .claude/agents/project-manager.md
  tool: claude
  source: core/claude/agents/project-manager.md
  checksum: 756717fa38fea690cc54971bb5097cc2ef3aaffb5beb4cc5082ad287536213d0
  feature: agents.project_manager
  generated: false
- path: .claude/agents/product-owner.md
  tool: claude
  source: core/claude/agents/product-owner.md
  checksum: 2d9f3309a15fb5b370f7aedbe3fbbf8cc18b6f77e80cc2db319261ee4c452223
  feature: agents.product_owner
  generated: false
- path: .claude/agents/dev-lead.md
  tool: claude
  source: core/claude/agents/dev-lead.md
  checksum: e77c95388f1107b865e51c49d7f13d51ecc68ef79ab7bb8c0583df6601479c2b
  feature: agents.dev_lead
  generated: false
- path: .claude/agents/developer.md
  tool: claude
  source: core/claude/agents/developer.md
  checksum: 715b1b092ee9b5768bfd69e0858492bc22fa09415175f152b27fdaf3ab6c045b
  feature: agents.developer
  generated: false
- path: .claude/agents/business-analyst.md
  tool: claude
  source: core/claude/agents/business-analyst.md
  checksum: a89aeb06d3d06d5c7e930752ac494f078b9af5c8447a2bba544bac003319fcc2
  feature: agents.business_analyst
  generated: false
- path: .claude/agents/solution-architect.md
  tool: claude
  source: core/claude/agents/solution-architect.md
  checksum: 703efcf814898bdf5f729f549fe34fcda32704f5d4a2b325bf090b0e77cfcfb9
  feature: agents.solution_architect
  generated: false
- path: .claude/agents/principal-solution-architect.md
  tool: claude
  source: core/claude/agents/principal-solution-architect.md
  checksum: 401a71619f96eeb3062b8195513c52445e3136c5a2b45b9971306eeaa2082b6a
  feature: agents.principal_solution_architect
  generated: false
- path: .claude/agents/test-lead.md
  tool: claude
  source: core/claude/agents/test-lead.md
  checksum: edb9486f17a185a9e06532ecbdc601e6301b52b2057572e179a9aee58ff6a5cc
  feature: agents.test_lead
  generated: false
- path: .claude/agents/test-engineer.md
  tool: claude
  source: core/claude/agents/test-engineer.md
  checksum: 5adea31a5c4ac2c449ce63c9fb1d27c52e075a49dfcb8244ffbc043dd9b4b646
  feature: agents.test_engineer
  generated: false
- path: .claude/agents/devops-lead.md
  tool: claude
  source: core/claude/agents/devops-lead.md
  checksum: b90035dbdd5a3bf1c1dd9dd8da8450873f9635db8aac0ea0df00ded33baaebb0
  feature: agents.devops_lead
  generated: false
- path: .claude/agents/devops-engineer.md
  tool: claude
  source: core/claude/agents/devops-engineer.md
  checksum: b7cde13507d98f21989b974d9bf0253968b526d637e2cbbfba45c736c9357d8e
  feature: agents.devops_engineer
  generated: false
- path: .claude/agents/ai-architect.md
  tool: claude
  source: core/claude/agents/ai-architect.md
  checksum: c6351393c6bc45f6734afa6125925d29740556d4432d25c7761ff7bfe3020774
  feature: agents.ai_architect
  generated: false
- path: .claude/agents/ai-engineer.md
  tool: claude
  source: core/claude/agents/ai-engineer.md
  checksum: b385022bcddb73ba53ef3ff9a3ee9f62ebf9d2c0b2edcb49a38539013f1da208
  feature: agents.ai_engineer
  generated: false
- path: .claude/agents/web-search.md
  tool: claude
  source: core/claude/agents/web-search.md
  checksum: 87b37c645e8894fdaafd916ff8836b0c967c2b6c7014a341a55f4b90d6170aad
  feature: agents.web_search
  generated: false
- path: .claude/commands/implement.md
  tool: claude
  source: core/claude/commands/implement.md
  checksum: 11acee3acd0a76167e73423e9d859fbcc617e0177a1fd173fa1dc6bd58a526fc
  generated: false
- path: .claude/commands/review.md
  tool: claude
  source: core/claude/commands/review.md
  checksum: e66d8022a396aa8a1d2c2448fd9db43882c153eebd14fdd89da04227e09a7d94
  generated: false
- path: .claude/commands/fix.md
  tool: claude
  source: core/claude/commands/fix.md
  checksum: 68adebffc34e0107e27ce656b019dc63181617e1590ccc5dfd25ab165bdece12
  generated: false
- path: .claude/commands/requirements.md
  tool: claude
  source: core/claude/commands/requirements.md
  checksum: 1f49af3620bbd1a8ea180b97e8fab1b76ab8082814dea6f8f72383568f652739
  generated: false
- path: .claude/commands/coverage.md
  tool: claude
  source: core/claude/commands/coverage.md
  checksum: 68b38387de06324c8e443b1529b6406f788f57d0c8b8f7116e8c00c96855c363
  generated: false
- path: .claude/commands/sync.md
  tool: claude
  source: core/claude/commands/sync.md
  checksum: 1314669a5459c4a4c09ec6f42b62818a5263efd5c1562efe7f68e24a1ce6d601
  generated: false
- path: .claude/commands/agent-eval.md
  tool: claude
  source: core/claude/commands/agent-eval.md
  checksum: 3cad8dd20039cce67b149f2e1c0ac0b91ee01f200897dfd8056f9e0bbdf351fc
  generated: false
- path: .claude/commands/claude-ai-audit.md
  tool: claude
  source: core/claude/commands/claude-ai-audit.md
  checksum: 670735b1d9d56f802608da8875ee70d3a674cac6becbac6269195d71075b9cce
  generated: false
- path: .claude/commands/claude-env-audit.md
  tool: claude
  source: core/claude/commands/claude-env-audit.md
  checksum: 0cc9708edc4670f55692e3ddad8b2678ede13044b0d2134d032feaa909e78a66
  generated: false
- path: .claude/commands/commit.md
  tool: claude
  source: core/claude/commands/commit.md
  checksum: b676e737acfd01fc7d0b59bfdd8e0245a21d81590e0fd6c3ef37ef313c0c34ab
  generated: false
- path: .claude/commands/complexity-audit.md
  tool: claude
  source: core/claude/commands/complexity-audit.md
  checksum: a74fe2ecb8cbbc92f856673212f871ac84daeb081f313d8e7056df637c539065
  generated: false
- path: .claude/commands/context-audit.md
  tool: claude
  source: core/claude/commands/context-audit.md
  checksum: 4eef2077ef025aefbe4cf7312ba78d11e6ebb34755a826ba8cceda88154794b9
  generated: false
- path: .claude/commands/extend.md
  tool: claude
  source: core/claude/commands/extend.md
  checksum: 6c445101f7d360b9dc720ad8fabfab8d2b3cb34fbadee0894bbe90473964aa19
  generated: false
- path: .claude/commands/lint.md
  tool: claude
  source: core/claude/commands/lint.md
  checksum: 8eeff204a40057af63f75bac84e15fede826445e88054a731a791bb5033a8025
  generated: false
- path: .claude/commands/server.md
  tool: claude
  source: core/claude/commands/server.md
  checksum: 3593ab4004d25bb9ea5744ad2bdadac45ffb4720e60400fc2662d0d50078f4fc
  generated: false
- path: .claude/commands/test.md
  tool: claude
  source: core/claude/commands/test.md
  checksum: 4ba555eb24e21310943b5caa13bbf49a0fb55b20fab4c2d8f844fb641f625520
  generated: false
- path: .claude/skills/speckit-specify/SKILL.md
  tool: claude
  source: core/claude/skills/speckit-specify/SKILL.md
  checksum: bafe529c22cb971cd2537ca6c5381ba100de0f91f439c62941a2c541fa067f7e
  feature: features.speckit.enabled
  generated: false
- path: .claude/skills/speckit-clarify/SKILL.md
  tool: claude
  source: core/claude/skills/speckit-clarify/SKILL.md
  checksum: fd720c2b468f10f89cf4b6dfcff876e735e557cde5f9bcb2ec1fc7079c19051c
  feature: features.speckit.enabled
  generated: false
- path: .claude/skills/speckit-plan/SKILL.md
  tool: claude
  source: core/claude/skills/speckit-plan/SKILL.md
  checksum: 08e693951151193ea45fe4a42079c520e223999eb803e10a89190e070f089949
  feature: features.speckit.enabled
  generated: false
- path: .claude/skills/speckit-tasks/SKILL.md
  tool: claude
  source: core/claude/skills/speckit-tasks/SKILL.md
  checksum: 84c276f7037693ebc69eef74dce0af127280eda1d8e6af18d29ff8440b028d3f
  feature: features.speckit.enabled
  generated: false
- path: .claude/skills/speckit-analyze/SKILL.md
  tool: claude
  source: core/claude/skills/speckit-analyze/SKILL.md
  checksum: adb9c4baed1d0e27cebd08e506a7247c1357ee721b6ea340201553d5792e6c8a
  feature: features.speckit.enabled
  generated: false
- path: .claude/skills/speckit-chain/SKILL.md
  tool: claude
  source: core/claude/skills/speckit-chain/SKILL.md
  checksum: d741e79b3993c975ecdd6f8c925719a3418ebf4ed87abcbf29a2516b8c7ccd27
  feature: features.speckit.enabled
  generated: false
- path: .claude/skills/speckit-implement/SKILL.md
  tool: claude
  source: core/claude/skills/speckit-implement/SKILL.md
  checksum: 19dcff2946ce9d0840a799e0c98de2c0f91176d71ddf50f0d8eb9138e7290dc1
  feature: features.speckit.enabled
  generated: false
- path: .claude/skills/speckit-checklist/SKILL.md
  tool: claude
  source: core/claude/skills/speckit-checklist/SKILL.md
  checksum: 82a54d9ce969ae87c0034ffce77539bc708290efc26a6160efe928b248c712c4
  feature: features.speckit.enabled
  generated: false
- path: .claude/skills/speckit-taskstoissues/SKILL.md
  tool: claude
  source: core/claude/skills/speckit-taskstoissues/SKILL.md
  checksum: e326c30c89a6bb67a9251cbe038178bc4dd1281948267d1921d361d8c327a0d9
  feature: features.speckit.enabled
  generated: false
- path: .claude/skills/speckit-constitution/SKILL.md
  tool: claude
  source: core/claude/skills/speckit-constitution/SKILL.md
  checksum: c1a044aba243ca6aff627fb5e4404feb6f1108d4f7dd174631bee3ae477d6c15
  feature: features.speckit.enabled
  generated: false
- path: .claude/skills/speckit-report/SKILL.md
  tool: claude
  source: core/claude/skills/speckit-report/SKILL.md
  checksum: df69dc4c5b24dd8134c33f5a7e840cf7ffc9e7b7321de4f613a2dbc103789c48
  feature: features.speckit.enabled
  generated: false
- path: .claude/skills/speckit-git-commit/SKILL.md
  tool: claude
  source: core/claude/skills/speckit-git-commit/SKILL.md
  checksum: 5c7bf976944f5ab6d6dbc143c160aa8742d2f303abdf1453688535d5ceffa1c4
  feature: features.speckit.enabled
  generated: false
- path: .claude/skills/speckit-git-feature/SKILL.md
  tool: claude
  source: core/claude/skills/speckit-git-feature/SKILL.md
  checksum: 50a413ca98b650a81c773769613afa1e9042851e6057f9a7e049aa801f6d0ed0
  feature: features.speckit.enabled
  generated: false
- path: .claude/skills/speckit-git-initialize/SKILL.md
  tool: claude
  source: core/claude/skills/speckit-git-initialize/SKILL.md
  checksum: 6d9c04adf4479f8645fea57938bf692ba1f1cf08de5054d598593c2782a18c0d
  feature: features.speckit.enabled
  generated: false
- path: .claude/skills/speckit-git-remote/SKILL.md
  tool: claude
  source: core/claude/skills/speckit-git-remote/SKILL.md
  checksum: 045d34977a70cae585b8bc0adbfd378374498f1a6c59c77615923e64f8d1b3f0
  feature: features.speckit.enabled
  generated: false
- path: .claude/skills/speckit-git-validate/SKILL.md
  tool: claude
  source: core/claude/skills/speckit-git-validate/SKILL.md
  checksum: ab7656044903e878e73c8bd9d40d3d46cd6fecff6e054780ceb9e81ffa18c923
  feature: features.speckit.enabled
  generated: false
- path: .claude/skills/speckit-agent-context-update/SKILL.md
  tool: claude
  source: core/claude/skills/speckit-agent-context-update/SKILL.md
  checksum: 23817e2f24485afff17d785849cbd4c121adffa2ce4d6d2da5f597a5d1c88847
  feature: features.speckit.enabled
  generated: false
- path: .claude/hooks/post_edit_lint.sh
  tool: claude
  source: core/claude/hooks/post_edit_lint.sh
  checksum: 3c856f86810ef5077b6c710f5982dbd1d6750ea734166673c2ff6ab369e376d4
  feature: features.hooks.post_edit_lint
  generated: false
- path: .claude/hooks/post_stop_notify.sh
  tool: claude
  source: core/claude/hooks/post_stop_notify.sh
  checksum: 45a592de3089eafb58e4c1e640302fff63b7dd67b873a4c5edeaa428349e862e
  feature: features.hooks.post_stop_notify
  generated: false
- path: .claude/hooks/pre_bash_safety.sh
  tool: claude
  source: core/claude/hooks/pre_bash_safety.sh
  checksum: c710f0f78da883ab3e0427c688c06da8d19812dca43a8e0ae48c426f0336fe22
  feature: features.hooks.pre_bash_safety
  generated: false
- path: .claude/hooks/pre_edit_customization_boundary.sh
  tool: claude
  source: core/claude/hooks/pre_edit_customization_boundary.sh
  checksum: a71fa9a850e78d3eabb1b55ca5fc44d083f6743f117a64951b1a0457eb502187
  feature: features.hooks.pre_edit_boundary
  generated: false
- path: .claude/sdlc-raci.md
  tool: claude
  source: core/claude/sdlc-raci.md
  checksum: 01f58cb8b746a11cc4ec76427ad24859d353f3aaadbfbee7bd0786946e402c5a
  generated: false
- path: .claude/tools/claude_session_stats.py
  tool: claude
  source: core/shared/tools/claude_session_stats.py
  checksum: e6bf0c6a029cf662b3e3244d3b32e533a25cf16c418252ed07f028a7022ed3ae
  feature: features.telemetry.claude_session_stats
  generated: false
- path: .github/agents/gh-project-manager.agent.md
  tool: copilot
  source: core/copilot/agents/gh-project-manager.agent.md
  checksum: cd885b3bc8b52ab9ed14b262c2d51be5ec2268d292a8a1805fdf09f48198fa0d
  feature: agents.project_manager
  generated: false
- path: .github/agents/gh-product-owner.agent.md
  tool: copilot
  source: core/copilot/agents/gh-product-owner.agent.md
  checksum: 6d25710c334e2f846d20ab75430c7cdace516f38789c7003fc5a493a81e25499
  feature: agents.product_owner
  generated: false
- path: .github/agents/gh-dev-lead.agent.md
  tool: copilot
  source: core/copilot/agents/gh-dev-lead.agent.md
  checksum: 86d3f971d25ccd38b6aba3824582246860ad01783b1645dc82cc363c3cb841d4
  feature: agents.dev_lead
  generated: false
- path: .github/agents/gh-developer.agent.md
  tool: copilot
  source: core/copilot/agents/gh-developer.agent.md
  checksum: cf571ad469caba99fec5376690ad7a28314413e038373d8979bfe19765507ecc
  feature: agents.developer
  generated: false
- path: .github/agents/gh-business-analyst.agent.md
  tool: copilot
  source: core/copilot/agents/gh-business-analyst.agent.md
  checksum: e874f8f6ae0624751137be173ed64c3d490c149f71c16fe9b1c999a1dc405519
  feature: agents.business_analyst
  generated: false
- path: .github/agents/gh-solution-architect.agent.md
  tool: copilot
  source: core/copilot/agents/gh-solution-architect.agent.md
  checksum: 3f169fd567df4ab6c6f56cd28ea236052539c8b9d50bf60127ff878234319875
  feature: agents.solution_architect
  generated: false
- path: .github/agents/gh-principal-solution-architect.agent.md
  tool: copilot
  source: core/copilot/agents/gh-principal-solution-architect.agent.md
  checksum: 8ee289cf6ec10e7135cb8eea64ff196d51d5e9f5288788ebf6ac6f28663d6497
  feature: agents.principal_solution_architect
  generated: false
- path: .github/agents/gh-test-lead.agent.md
  tool: copilot
  source: core/copilot/agents/gh-test-lead.agent.md
  checksum: cd1c32b0f877ecd0e833c25fd773f9dc945e0783763d5b81193e23adce64cffb
  feature: agents.test_lead
  generated: false
- path: .github/agents/gh-test-engineer.agent.md
  tool: copilot
  source: core/copilot/agents/gh-test-engineer.agent.md
  checksum: 62177cb421cb1bfe290a59af014e910f3b39aec1b0c5742769cae91ddc99e8ff
  feature: agents.test_engineer
  generated: false
- path: .github/agents/gh-devops-lead.agent.md
  tool: copilot
  source: core/copilot/agents/gh-devops-lead.agent.md
  checksum: 8e596e87c700bd8f2c105cfb840696bef40061221ad2d3ad18bffb2d55b7e8ed
  feature: agents.devops_lead
  generated: false
- path: .github/agents/gh-devops-engineer.agent.md
  tool: copilot
  source: core/copilot/agents/gh-devops-engineer.agent.md
  checksum: 009b622954215968a369eada86bba73035242847543f16ac9546d2dcf3f1b378
  feature: agents.devops_engineer
  generated: false
- path: .github/agents/gh-ai-architect.agent.md
  tool: copilot
  source: core/copilot/agents/gh-ai-architect.agent.md
  checksum: ae2701b00aeefd25f77c7800388939aa9f8cb0f0c8de64113aba1fcd9fe3a660
  feature: agents.ai_architect
  generated: false
- path: .github/agents/gh-ai-engineer.agent.md
  tool: copilot
  source: core/copilot/agents/gh-ai-engineer.agent.md
  checksum: 850fa773ae89e0816512b6825331e37369ab38a53d22b6390084718da436ca5c
  feature: agents.ai_engineer
  generated: false
- path: .github/agents/gh-web-search.agent.md
  tool: copilot
  source: core/copilot/agents/gh-web-search.agent.md
  checksum: a9b53e470eb728b5ee70c276d012779bbcd8b154af9c7580ca609ed77e05a44b
  feature: agents.web_search
  generated: false
- path: .github/prompts/project-task-intake.prompt.md
  tool: copilot
  source: core/copilot/prompts/project-task-intake.prompt.md
  checksum: 070470c31b853eb536bb8eb9d73e66b0df781d5c2430a88327dc3bc85441eb25
  generated: false
- path: .github/prompts/feature-planning.prompt.md
  tool: copilot
  source: core/copilot/prompts/feature-planning.prompt.md
  checksum: 43d8cc27ec3292dc2df0a3d2456af7c06ef741097b132b1f43a99d6d837f99b9
  generated: false
- path: .github/prompts/security-review.prompt.md
  tool: copilot
  source: core/copilot/prompts/security-review.prompt.md
  checksum: 1daeaf2d0734083eb8f477fda9f50de628b41ff140d03b38f84cbd39d1acabe2
  generated: false
- path: .github/prompts/compact-external-brief.prompt.md
  tool: copilot
  source: core/copilot/prompts/compact-external-brief.prompt.md
  checksum: 283e20db702f5d159ce7932e2e1bf84bc279605526cf96e3bc760ac82d50e213
  generated: false
- path: .github/prompts/copilot-environment-audit.prompt.md
  tool: copilot
  source: core/copilot/prompts/copilot-environment-audit.prompt.md
  checksum: 6d358ec19f450e8b49d7fb9299b95719a00d2f6868d4aac19d8f7ed7b0f31187
  generated: false
- path: .github/prompts/copilot-monitoring-review.prompt.md
  tool: copilot
  source: core/copilot/prompts/copilot-monitoring-review.prompt.md
  checksum: 462ee04bcc4d0b21b60ec194a98a64055fccee8a17e615a65e24207128984e92
  generated: false
- path: .github/prompts/coverage-review.prompt.md
  tool: copilot
  source: core/copilot/prompts/coverage-review.prompt.md
  checksum: 63f2cf5252f2087db81ad3102a84f53cf7d8de80d6091290bd2eaca2151f3e2e
  generated: false
- path: .github/prompts/deep-architecture-review.prompt.md
  tool: copilot
  source: core/copilot/prompts/deep-architecture-review.prompt.md
  checksum: 8380c278231f6d6542e6b847662639f630dc68a764acf45f861a05c2dd3eee43
  generated: false
- path: .github/prompts/delegation-first-architect.prompt.md
  tool: copilot
  source: core/copilot/prompts/delegation-first-architect.prompt.md
  checksum: fc43845eb242c6cda3b44a5bda0ee10c621f26ba5c953903a925034db9a515d9
  generated: false
- path: .github/prompts/minimal-repo-analysis.prompt.md
  tool: copilot
  source: core/copilot/prompts/minimal-repo-analysis.prompt.md
  checksum: 8c9654256965a1cb54ee6f52f34eaff17e8e8b141c30f28cd7648529e1023709
  generated: false
- path: .github/prompts/secure-mcp-review.prompt.md
  tool: copilot
  source: core/copilot/prompts/secure-mcp-review.prompt.md
  checksum: 30ba183c47a55a879eff963c3ba0def347045ae512d93350a230384841108ad0
  generated: false
- path: .github/skills/speckit-specify/SKILL.md
  tool: copilot
  source: core/copilot/skills/speckit-specify/SKILL.md
  checksum: 9f50039a25e9a92438f76e16167c36e8c259be0abd78c00aa7ce7edb67d05394
  feature: features.speckit.enabled
  generated: false
- path: .github/skills/speckit-clarify/SKILL.md
  tool: copilot
  source: core/copilot/skills/speckit-clarify/SKILL.md
  checksum: 13cdfd6cb48ab8c0a40354f4839ae26e14bc55c27a6cb4293af21ceebadefd98
  feature: features.speckit.enabled
  generated: false
- path: .github/skills/speckit-plan/SKILL.md
  tool: copilot
  source: core/copilot/skills/speckit-plan/SKILL.md
  checksum: d4470abc438f294cce0d5c9623c0623b042d2d8022f62acc23351fe4c99049ce
  feature: features.speckit.enabled
  generated: false
- path: .github/skills/speckit-tasks/SKILL.md
  tool: copilot
  source: core/copilot/skills/speckit-tasks/SKILL.md
  checksum: 3b47c714d8be4c7f6cb3670cc53dc50ac06b3aadbec2ff3b128b723762527e04
  feature: features.speckit.enabled
  generated: false
- path: .github/skills/speckit-analyze/SKILL.md
  tool: copilot
  source: core/copilot/skills/speckit-analyze/SKILL.md
  checksum: 8122c7a9c15f187daca2a05231f36d10d17f31947709e80afdb63fea841ffbce
  feature: features.speckit.enabled
  generated: false
- path: .github/skills/speckit-implement/SKILL.md
  tool: copilot
  source: core/copilot/skills/speckit-implement/SKILL.md
  checksum: 177b8cf818d14eb2a0e0bcdf06db5a3df5086550bb58df97b0d1e18e727ddda2
  feature: features.speckit.enabled
  generated: false
- path: .github/skills/speckit-checklist/SKILL.md
  tool: copilot
  source: core/copilot/skills/speckit-checklist/SKILL.md
  checksum: faab7def5f2133dda653ea3d0dd4d2ec59d6472027dc8e030e0a438d2b8283f6
  feature: features.speckit.enabled
  generated: false
- path: .github/skills/speckit-taskstoissues/SKILL.md
  tool: copilot
  source: core/copilot/skills/speckit-taskstoissues/SKILL.md
  checksum: e50bb610f3dae4fc127e8a54209f475498d51d05cd5865ffac60d8aa9cb36ca0
  feature: features.speckit.enabled
  generated: false
- path: .github/skills/speckit-constitution/SKILL.md
  tool: copilot
  source: core/copilot/skills/speckit-constitution/SKILL.md
  checksum: 4078b623ec1ae297d4b2af31a79a17fe0f38c03771c2e4f48d6aac53b478e1b5
  feature: features.speckit.enabled
  generated: false
- path: .github/skills/speckit-git-commit/SKILL.md
  tool: copilot
  source: core/copilot/skills/speckit-git-commit/SKILL.md
  checksum: e69b1c52f42a5b0ae2373d157cac3bcddc8fac02b020d0eac9bd330476ac2c43
  feature: features.speckit.enabled
  generated: false
- path: .github/skills/speckit-git-feature/SKILL.md
  tool: copilot
  source: core/copilot/skills/speckit-git-feature/SKILL.md
  checksum: 1f7dd76b05e0e6cd2e03d94f25881e35129b156ed18af2eae01d9b881cb0f30d
  feature: features.speckit.enabled
  generated: false
- path: .github/skills/speckit-git-initialize/SKILL.md
  tool: copilot
  source: core/copilot/skills/speckit-git-initialize/SKILL.md
  checksum: 601f743cb3925b4216e535961b34c959022bfb5b06d6dfddb614c968bfb70033
  feature: features.speckit.enabled
  generated: false
- path: .github/skills/speckit-git-remote/SKILL.md
  tool: copilot
  source: core/copilot/skills/speckit-git-remote/SKILL.md
  checksum: ef12bc29f3af0f372b13354e17749ae1454e26795ae4c199bbccf8afc918d99d
  feature: features.speckit.enabled
  generated: false
- path: .github/skills/speckit-git-validate/SKILL.md
  tool: copilot
  source: core/copilot/skills/speckit-git-validate/SKILL.md
  checksum: f7c232bf91e1a9315b28b759fb76c12e222c2598e2940cdaa96f302c52f9cbe9
  feature: features.speckit.enabled
  generated: false
- path: .github/skills/speckit-agent-context-update/SKILL.md
  tool: copilot
  source: core/copilot/skills/speckit-agent-context-update/SKILL.md
  checksum: eaaf0833447cfc83fb548cd8a35005b947a7f3e7a101c5372d68e9396301e4e0
  feature: features.speckit.enabled
  generated: false
- path: .github/skills/architecture-lookup/SKILL.md
  tool: copilot
  source: core/copilot/skills/architecture-lookup/SKILL.md
  checksum: 8390b51cba904f42ede1b96bde07b352f9f83a278b8321a2f4fd319fe0b28778
  generated: false
- path: .github/skills/code-review/SKILL.md
  tool: copilot
  source: core/copilot/skills/code-review/SKILL.md
  checksum: 267a3d4099a78418bfd8ec2e7fd1e69782c006295c4613183b4c2217a6d98151
  generated: false
- path: .github/skills/copilot-agent-monitoring/SKILL.md
  tool: copilot
  source: core/copilot/skills/copilot-agent-monitoring/SKILL.md
  checksum: eecef33322d4374ae6ffbf9e9573c35827145336dbec9aada08b05e7ce5a515b
  generated: false
- path: .github/skills/copilot-env-governance/SKILL.md
  tool: copilot
  source: core/copilot/skills/copilot-env-governance/SKILL.md
  checksum: 3f449871d30a5ec3f072480169839ee8993bccac5ae13dc9071a9e80a420956e
  generated: false
- path: .github/skills/external-research-routing/SKILL.md
  tool: copilot
  source: core/copilot/skills/external-research-routing/SKILL.md
  checksum: 22d780fd7d19f5acbfb03cf48e1980cb913ce1d6a968df413d5b6cdacd6cee4c
  generated: false
- path: .github/skills/project-orchestration/SKILL.md
  tool: copilot
  source: core/copilot/skills/project-orchestration/SKILL.md
  checksum: 6153d7d7c57feda24d6fed8548fd9c461cbe18b4fefca4be4f02e39681204485
  generated: false
- path: .github/skills/requirements-routing/SKILL.md
  tool: copilot
  source: core/copilot/skills/requirements-routing/SKILL.md
  checksum: d97a3a2f7a93c27c0835095af2c8fbe1c98d69fcff622a6572f9ba9cdc2d7978
  generated: false
- path: .github/skills/task-breakdown/SKILL.md
  tool: copilot
  source: core/copilot/skills/task-breakdown/SKILL.md
  checksum: eef5ee59386b2187a76dceb273c3ea90f1606c16a1c4c7ee471371bdde263213
  generated: false
- path: .github/skills/test-layer-selection/SKILL.md
  tool: copilot
  source: core/copilot/skills/test-layer-selection/SKILL.md
  checksum: d3c633b45ab6b7f169d66906e83f535523f220623fcade26c27428de1948e715
  generated: false
- path: .github/hooks/copilot-customization-boundary.json
  tool: copilot
  source: core/copilot/hooks/copilot-customization-boundary.json
  checksum: e3f7ada244c659c7dbc87ae451fb6ab4c577ebc425009b5fa2e5ad0715feb824
  feature: features.hooks.pre_edit_boundary
  generated: false
- path: .github/hooks/pre_tool_copilot_boundary.py
  tool: copilot
  source: core/copilot/hooks/pre_tool_copilot_boundary.py
  checksum: 501ce7527eb7d7b7f148183d283f12fb9f341853460a858dd2111e56aee91154
  feature: features.hooks.pre_edit_boundary
  generated: false
- path: .github/summaries/maker-checker-protocol.md
  tool: copilot
  source: core/copilot/summaries/maker-checker-protocol.md
  checksum: 4ee482edd55f95013d2aba6f66888106862676c467b43d6e531eea4c8104b80a
  feature: features.maker_checker.enabled
  generated: false
- path: .github/summaries/external-research-policy.md
  tool: copilot
  source: core/copilot/summaries/external-research-policy.md
  checksum: e6d7f6dae9ce886373abd7289cc423f200373c334e66fc8a2296676924ddd292
  generated: false
- path: .github/summaries/task-dependency-protocol.md
  tool: copilot
  source: core/copilot/summaries/task-dependency-protocol.md
  checksum: 0a0b99762ee3ef586352191740f11792738be9cb4db5a6f16e5e8aebc93c1dd8
  generated: false
- path: .github/summaries/reporting-back-to-pm.md
  tool: copilot
  source: core/copilot/summaries/reporting-back-to-pm.md
  checksum: ef303f0e4aa79bf416d87f5051da35873f74d22bf29d19edb3ffdf7a11f774fb
  generated: false
- path: .github/summaries/project-manager-routing.md
  tool: copilot
  source: core/copilot/summaries/project-manager-routing.md
  checksum: a32dde5df42573c4e89ad2f65ba7cfa9c2368fafc4433ec8b1df20e8c8661716
  feature: agents.project_manager
  generated: false
- path: .github/summaries/monitoring-agents.md
  tool: copilot
  source: core/copilot/summaries/monitoring-agents.md
  checksum: 6ffa824a2adbdd78da837ccaa872617ff97eb1318fd33d0d54aeb26b47d5ee05
  generated: false
- path: .github/summaries/metrics-contracts.md
  tool: copilot
  source: core/copilot/summaries/metrics-contracts.md
  checksum: 1ca8ff34c66c6f4ea41de170275f656d1b0debb2af53bf7ac3f2dda6b110ed53
  generated: false
- path: .github/summaries/metrics-kb.md
  tool: copilot
  source: core/copilot/summaries/metrics-kb.md
  checksum: d8f4ebd9370cc1e91988c6a669954d80df9baf638ef4731edfce93ec431238fb
  generated: false
- path: CLAUDE.md
  tool: shared
  source: generated
  checksum: 35d0a7fbb6573c8fd011c1b95def1928c63049ab61aed4d57382785eb83912c5
  generated: true
- path: AGENTS.md
  tool: shared
  source: generated
  checksum: b61e8f41ff900f32219c249da266324fa613ba784fdb372f2ee3d3b9111577ff
  generated: true
- path: nexus.yaml
  tool: shared
  source: generated
  checksum: 6d5fd7f2f7509913c5937ed7530182b8cacbc61a820a7aed3a00b6f480f1c66d
  generated: true
- path: .claude/summaries/architecture-map.md
  tool: shared
  source: generated
  checksum: b578576f311d67301fde0104427989cb12a91c62f2b63ac966d7340fa7f7f9fe
  generated: true
- path: .claude/summaries/agent-index.md
  tool: shared
  source: generated
  checksum: 3a71fff96d4677e5eb4899256f8d170153ae4b2c95cfb3442fb1806ccb89d833
  generated: true
- path: .claude/summaries/claude-governance.md
  tool: shared
  source: generated
  checksum: 95ca912569cbb2b4f855be33998e09aff4961622861e5764dd3f07ea25ce3659
  generated: true
- path: .github/summaries/repo-quickref.md
  tool: shared
  source: generated
  checksum: 5cb18785f93e35a90ebb72084bc59636a3277e2304285a319f2172f26003ae6d
  generated: true
- path: .github/summaries/arch-conventions.md
  tool: shared
  source: generated
  checksum: c49601f0d2a72f91b2e8746fc2cafedba683f1487007d993d70538aa8ef82072
  generated: true
- path: .github/summaries/architecture-module-map.md
  tool: shared
  source: generated
  checksum: 0bb810bee68a16383106cb96b7779354d90dadd3cb74fd545817ccda534db493
  generated: true
- path: .github/summaries/dev-conventions.md
  tool: shared
  source: generated
  checksum: 9b4aa5c101c44e4061db9cbbfa46f93c3458febef24f2ed24611a16bbe1057f3
  generated: true
- path: .github/summaries/server-handler-map.md
  tool: shared
  source: generated
  checksum: a435eec0dc98a287f38e8bd0de09159c5b79561959eedcdeb44dcde3105a1127
  generated: true
- path: .github/summaries/test-structure.md
  tool: shared
  source: generated
  checksum: 04c09aac146b9efdf61b6ed5484504d194c1527da39b9c86056e15937370f5b7
  generated: true
- path: .github/summaries/requirements-routing.md
  tool: shared
  source: generated
  checksum: e2a95319901eb0115895c7f01391c9daab739e35cdd76b38b8b7ee2538aa51ab
  generated: true
- path: .github/summaries/requirements-kb.md
  tool: shared
  source: generated
  checksum: a980c7ee35131677080ccb8b5a805f1e264d9164c7d37bca63e636ed9247c99c
  generated: true
- path: .github/summaries/test-conventions.md
  tool: shared
  source: generated
  checksum: 210a02f10c6e38d0f55917e65c008a7c2a0ad7099b1caffed1496f6bd026b1ea
  generated: true
- path: .github/summaries/devops-conventions.md
  tool: shared
  source: generated
  checksum: 41bfb64d7950c5681cd6406379d795a75768275e8dac8a7aca5f36473989505b
  generated: true
- path: .github/summaries/copilot-governance.md
  tool: shared
  source: generated
  checksum: c064c73641a4951910b3348a96da9c43df7b27487c2ccc4d3d876efc70b9ff93
  generated: true
- path: .claude/settings.json
  tool: claude
  source: generated
  checksum: 3839553834ab2e2c3c64d7a0a40d332d8862eb2c01026f8ab5d623bcb306cf49
  generated: true
